
Microsoft Visual Studio Solution File, Format Version 12.00
# Visual Studio Version 17
VisualStudioVersion = 17.7.34221.43
MinimumVisualStudioVersion = 10.0.40219.1
Project("{FAE04EC0-301F-11D3-BF4B-00C04F79EFBC}") = "Assignment-7", "Assignment-7\Assignment-7.csproj", "{D827FF54-67AD-4555-BBB4-A410D8E379C7}"
EndProject
Global
	GlobalSection(SolutionConfigurationPlatforms) = preSolution
		Debug|Any CPU = Debug|Any CPU
		Release|Any CPU = Release|Any CPU
	EndGlobalSection
	GlobalSection(ProjectConfigurationPlatforms) = postSolution
		{D827FF54-67AD-4555-BBB4-A410D8E379C7}.Debug|Any CPU.ActiveCfg = Debug|Any CPU
		{D827FF54-67AD-4555-BBB4-A410D8E379C7}.Debug|Any CPU.Build.0 = Debug|Any CPU
		{D827FF54-67AD-4555-BBB4-A410D8E379C7}.Release|Any CPU.ActiveCfg = Release|Any CPU
		{D827FF54-67AD-4555-BBB4-A410D8E379C7}.Release|Any CPU.Build.0 = Release|Any CPU
	EndGlobalSection
	GlobalSection(SolutionProperties) = preSolution
		HideSolutionNode = FALSE
	EndGlobalSection
	GlobalSection(ExtensibilityGlobals) = postSolution
		SolutionGuid = {49B29B23-38A8-4477-992A-1123E7B0E669}
	EndGlobalSection
EndGlobal
